// !$*UTF8*$!
{
	archiveVersion = 1;
	classes = {
	};
	objectVersion = 56;
	objects = {

/* Begin PBXBuildFile section */
		590B8A5428EEDF38001A9E9B /* AppDelegate.swift in Sources */ = {isa = PBXBuildFile; fileRef = 590B8A5328EEDF38001A9E9B /* AppDelegate.swift */; };
		590B8A5628EEDF38001A9E9B /* SceneDelegate.swift in Sources */ = {isa = PBXBuildFile; fileRef = 590B8A5528EEDF38001A9E9B /* SceneDelegate.swift */; };
		590B8A5828EEDF38001A9E9B /* ViewController.swift in Sources */ = {isa = PBXBuildFile; fileRef = 590B8A5728EEDF38001A9E9B /* ViewController.swift */; };
		590B8A5B28EEDF38001A9E9B /* Main.storyboard in Resources */ = {isa = PBXBuildFile; fileRef = 590B8A5928EEDF38001A9E9B /* Main.storyboard */; };
		590B8A5E28EEDF38001A9E9B /* TableCase2.xcdatamodeld in Sources */ = {isa = PBXBuildFile; fileRef = 590B8A5C28EEDF38001A9E9B /* TableCase2.xcdatamodeld */; };
		590B8A6028EEDF39001A9E9B /* Assets.xcassets in Resources */ = {isa = PBXBuildFile; fileRef = 590B8A5F28EEDF39001A9E9B /* Assets.xcassets */; };
		590B8A6328EEDF39001A9E9B /* LaunchScreen.storyboard in Resources */ = {isa = PBXBuildFile; fileRef = 590B8A6128EEDF39001A9E9B /* LaunchScreen.storyboard */; };
		590B8A6E28EEDF39001A9E9B /* TableCase2Tests.swift in Sources */ = {isa = PBXBuildFile; fileRef = 590B8A6D28EEDF39001A9E9B /* TableCase2Tests.swift */; };
		590B8A7828EEDF39001A9E9B /* TableCase2UITests.swift in Sources */ = {isa = PBXBuildFile; fileRef = 590B8A7728EEDF39001A9E9B /* TableCase2UITests.swift */; };
		590B8A7A28EEDF39001A9E9B /* TableCase2UITestsLaunchTests.swift in Sources */ = {isa = PBXBuildFile; fileRef = 590B8A7928EEDF39001A9E9B /* TableCase2UITestsLaunchTests.swift */; };
		59CEC2FB28F028BF00CF4864 /* TableViewCell.swift in Sources */ = {isa = PBXBuildFile; fileRef = 59CEC2F928F028BF00CF4864 /* TableViewCell.swift */; };
		59CEC2FC28F028BF00CF4864 /* TableViewCell.xib in Resources */ = {isa = PBXBuildFile; fileRef = 59CEC2FA28F028BF00CF4864 /* TableViewCell.xib */; };
/* End PBXBuildFile section */

/* Begin PBXContainerItemProxy section */
		590B8A6A28EEDF39001A9E9B /* PBXContainerItemProxy */ = {
			isa = PBXContainerItemProxy;
			containerPortal = 590B8A4828EEDF38001A9E9B /* Project object */;
			proxyType = 1;
			remoteGlobalIDString = 590B8A4F28EEDF38001A9E9B;
			remoteInfo = TableCase2;
		};
		590B8A7428EEDF39001A9E9B /* PBXContainerItemProxy */ = {
			isa = PBXContainerItemProxy;
			containerPortal = 590B8A4828EEDF38001A9E9B /* Project object */;
			proxyType = 1;
			remoteGlobalIDString = 590B8A4F28EEDF38001A9E9B;
			remoteInfo = TableCase2;
		};
/* End PBXContainerItemProxy section */

/* Begin PBXFileReference section */
		590B8A5028EEDF38001A9E9B /* TableCase2.app */ = {isa = PBXFileReference; explicitFileType = wrapper.application; includeInIndex = 0; path = TableCase2.app; sourceTree = BUILT_PRODUCTS_DIR; };
		590B8A5328EEDF38001A9E9B /* AppDelegate.swift */ = {isa = PBXFileReference; lastKnownFileType = sourcecode.swift; path = AppDelegate.swift; sourceTree = "<group>"; };
		590B8A5528EEDF38001A9E9B /* SceneDelegate.swift */ = {isa = PBXFileReference; lastKnownFileType = sourcecode.swift; path = SceneDelegate.swift; sourceTree = "<group>"; };
		590B8A5728EEDF38001A9E9B /* ViewController.swift */ = {isa = PBXFileReference; lastKnownFileType = sourcecode.swift; path = ViewController.swift; sourceTree = "<group>"; };
		590B8A5A28EEDF38001A9E9B /* Base */ = {isa = PBXFileReference; lastKnownFileType = file.storyboard; name = Base; path = Base.lproj/Main.storyboard; sourceTree = "<group>"; };
		590B8A5D28EEDF38001A9E9B /* TableCase2.xcdatamodel */ = {isa = PBXFileReference; lastKnownFileType = wrapper.xcdatamodel; path = TableCase2.xcdatamodel; sourceTree = "<group>"; };
		590B8A5F28EEDF39001A9E9B /* Assets.xcassets */ = {isa = PBXFileReference; lastKnownFileType = folder.assetcatalog; path = Assets.xcassets; sourceTree = "<group>"; };
		590B8A6228EEDF39001A9E9B /* Base */ = {isa = PBXFileReference; lastKnownFileType = file.storyboard; name = Base; path = Base.lproj/LaunchScreen.storyboard; sourceTree = "<group>"; };
		590B8A6428EEDF39001A9E9B /* Info.plist */ = {isa = PBXFileReference; lastKnownFileType = text.plist.xml; path = Info.plist; sourceTree = "<group>"; };
		590B8A6928EEDF39001A9E9B /* TableCase2Tests.xctest */ = {isa = PBXFileReference; explicitFileType = wrapper.cfbundle; includeInIndex = 0; path = TableCase2Tests.xctest; sourceTree = BUILT_PRODUCTS_DIR; };
		590B8A6D28EEDF39001A9E9B /* TableCase2Tests.swift */ = {isa = PBXFileReference; lastKnownFileType = sourcecode.swift; path = TableCase2Tests.swift; sourceTree = "<group>"; };
		590B8A7328EEDF39001A9E9B /* TableCase2UITests.xctest */ = {isa = PBXFileReference; explicitFileType = wrapper.cfbundle; includeInIndex = 0; path = TableCase2UITests.xctest; sourceTree = BUILT_PRODUCTS_DIR; };
		590B8A7728EEDF39001A9E9B /* TableCase2UITests.swift */ = {isa = PBXFileReference; lastKnownFileType = sourcecode.swift; path = TableCase2UITests.swift; sourceTree = "<group>"; };
		590B8A7928EEDF39001A9E9B /* TableCase2UITestsLaunchTests.swift */ = {isa = PBXFileReference; lastKnownFileType = sourcecode.swift; path = TableCase2UITestsLaunchTests.swift; sourceTree = "<group>"; };
		59CEC2F928F028BF00CF4864 /* TableViewCell.swift */ = {isa = PBXFileReference; lastKnownFileType = sourcecode.swift; path = TableViewCell.swift; sourceTree = "<group>"; };
		59CEC2FA28F028BF00CF4864 /* TableViewCell.xib */ = {isa = PBXFileReference; lastKnownFileType = file.xib; name = TableViewCell.xib; path = ../TableViewCell.xib; sourceTree = "<group>"; };
/* End PBXFileReference section */

/* Begin PBXFrameworksBuildPhase section */
		590B8A4D28EEDF38001A9E9B /* Frameworks */ = {
			isa = PBXFrameworksBuildPhase;
			buildActionMask = 2147483647;
			files = (
			);
			runOnlyForDeploymentPostprocessing = 0;
		};
		590B8A6628EEDF39001A9E9B /* Frameworks */ = {
			isa = PBXFrameworksBuildPhase;
			buildActionMask = 2147483647;
			files = (
			);
			runOnlyForDeploymentPostprocessing = 0;
		};
		590B8A7028EEDF39001A9E9B /* Frameworks */ = {
			isa = PBXFrameworksBuildPhase;
			buildActionMask = 2147483647;
			files = (
			);
			runOnlyForDeploymentPostprocessing = 0;
		};
/* End PBXFrameworksBuildPhase section */

/* Begin PBXGroup section */
		590B8A4728EEDF38001A9E9B = {
			isa = PBXGroup;
			children = (
				590B8A5228EEDF38001A9E9B /* TableCase2 */,
				590B8A6C28EEDF39001A9E9B /* TableCase2Tests */,
				590B8A7628EEDF39001A9E9B /* TableCase2UITests */,
				590B8A5128EEDF38001A9E9B /* Products */,
			);
			sourceTree = "<group>";
		};
		590B8A5128EEDF38001A9E9B /* Products */ = {
			isa = PBXGroup;
			children = (
				590B8A5028EEDF38001A9E9B /* TableCase2.app */,
				590B8A6928EEDF39001A9E9B /* TableCase2Tests.xctest */,
				590B8A7328EEDF39001A9E9B /* TableCase2UITests.xctest */,
			);
			name = Products;
			sourceTree = "<group>";
		};
		590B8A5228EEDF38001A9E9B /* TableCase2 */ = {
			isa = PBXGroup;
			children = (
				59CEC2FA28F028BF00CF4864 /* TableViewCell.xib */,
				59CEC2F928F028BF00CF4864 /* TableViewCell.swift */,
				590B8A5328EEDF38001A9E9B /* AppDelegate.swift */,
				590B8A5528EEDF38001A9E9B /* SceneDelegate.swift */,
				590B8A5728EEDF38001A9E9B /* ViewController.swift */,
				590B8A5928EEDF38001A9E9B /* Main.storyboard */,
				590B8A5F28EEDF39001A9E9B /* Assets.xcassets */,
				590B8A6128EEDF39001A9E9B /* LaunchScreen.storyboard */,
				590B8A6428EEDF39001A9E9B /* Info.plist */,
				590B8A5C28EEDF38001A9E9B /* TableCase2.xcdatamodeld */,
			);
			path = TableCase2;
			sourceTree = "<group>";
		};
		590B8A6C28EEDF39001A9E9B /* TableCase2Tests */ = {
			isa = PBXGroup;
			children = (
				590B8A6D28EEDF39001A9E9B /* TableCase2Tests.swift */,
			);
			path = TableCase2Tests;
			sourceTree = "<group>";
		};
		590B8A7628EEDF39001A9E9B /* TableCase2UITests */ = {
			isa = PBXGroup;
			children = (
				590B8A7728EEDF39001A9E9B /* TableCase2UITests.swift */,
				590B8A7928EEDF39001A9E9B /* TableCase2UITestsLaunchTests.swift */,
			);
			path = TableCase2UITests;
			sourceTree = "<group>";
		};
/* End PBXGroup section */

/* Begin PBXNativeTarget section */
		590B8A4F28EEDF38001A9E9B /* TableCase2 */ = {
			isa = PBXNativeTarget;
			buildConfigurationList = 590B8A7D28EEDF39001A9E9B /* Build configuration list for PBXNativeTarget "TableCase2" */;
			buildPhases = (
				590B8A4C28EEDF38001A9E9B /* Sources */,
				590B8A4D28EEDF38001A9E9B /* Frameworks */,
				590B8A4E28EEDF38001A9E9B /* Resources */,
			);
			buildRules = (
			);
			dependencies = (
			);
			name = TableCase2;
			productName = TableCase2;
			productReference = 590B8A5028EEDF38001A9E9B /* TableCase2.app */;
			productType = "com.apple.product-type.application";
		};
		590B8A6828EEDF39001A9E9B /* TableCase2Tests */ = {
			isa = PBXNativeTarget;
			buildConfigurationList = 590B8A8028EEDF39001A9E9B /* Build configuration list for PBXNativeTarget "TableCase2Tests" */;
			buildPhases = (
				590B8A6528EEDF39001A9E9B /* Sources */,
				590B8A6628EEDF39001A9E9B /* Frameworks */,
				590B8A6728EEDF39001A9E9B /* Resources */,
			);
			buildRules = (
			);
			dependencies = (
				590B8A6B28EEDF39001A9E9B /* PBXTargetDependency */,
			);
			name = TableCase2Tests;
			productName = TableCase2Tests;
			productReference = 590B8A6928EEDF39001A9E9B /* TableCase2Tests.xctest */;
			productType = "com.apple.product-type.bundle.unit-test";
		};
		590B8A7228EEDF39001A9E9B /* TableCase2UITests */ = {
			isa = PBXNativeTarget;
			buildConfigurationList = 590B8A8328EEDF39001A9E9B /* Build configuration list for PBXNativeTarget "TableCase2UITests" */;
			buildPhases = (
				590B8A6F28EEDF39001A9E9B /* Sources */,
				590B8A7028EEDF39001A9E9B /* Frameworks */,
				590B8A7128EEDF39001A9E9B /* Resources */,
			);
			buildRules = (
			);
			dependencies = (
				590B8A7528EEDF39001A9E9B /* PBXTargetDependency */,
			);
			name = TableCase2UITests;
			productName = TableCase2UITests;
			productReference = 590B8A7328EEDF39001A9E9B /* TableCase2UITests.xctest */;
			productType = "com.apple.product-type.bundle.ui-testing";
		};
/* End PBXNativeTarget section */

/* Begin PBXProject section */
		590B8A4828EEDF38001A9E9B /* Project object */ = {
			isa = PBXProject;
			attributes = {
				BuildIndependentTargetsInParallel = 1;
				LastSwiftUpdateCheck = 1400;
				LastUpgradeCheck = 1400;
				TargetAttributes = {
					590B8A4F28EEDF38001A9E9B = {
						CreatedOnToolsVersion = 14.0.1;
					};
					590B8A6828EEDF39001A9E9B = {
						CreatedOnToolsVersion = 14.0.1;
						TestTargetID = 590B8A4F28EEDF38001A9E9B;
					};
					590B8A7228EEDF39001A9E9B = {
						CreatedOnToolsVersion = 14.0.1;
						TestTargetID = 590B8A4F28EEDF38001A9E9B;
					};
				};
			};
			buildConfigurationList = 590B8A4B28EEDF38001A9E9B /* Build configuration list for PBXProject "TableCase2" */;
			compatibilityVersion = "Xcode 14.0";
			developmentRegion = en;
			hasScannedForEncodings = 0;
			knownRegions = (
				en,
				Base,
			);
			mainGroup = 590B8A4728EEDF38001A9E9B;
			productRefGroup = 590B8A5128EEDF38001A9E9B /* Products */;
			projectDirPath = "";
			projectRoot = "";
			targets = (
				590B8A4F28EEDF38001A9E9B /* TableCase2 */,
				590B8A6828EEDF39001A9E9B /* TableCase2Tests */,
				590B8A7228EEDF39001A9E9B /* TableCase2UITests */,
			);
		};
/* End PBXProject section */

/* Begin PBXResourcesBuildPhase section */
		590B8A4E28EEDF38001A9E9B /* Resources */ = {
			isa = PBXResourcesBuildPhase;
			buildActionMask = 2147483647;
			files = (
				590B8A6328EEDF39001A9E9B /* LaunchScreen.storyboard in Resources */,
				59CEC2FC28F028BF00CF4864 /* TableViewCell.xib in Resources */,
				590B8A6028EEDF39001A9E9B /* Assets.xcassets in Resources */,
				590B8A5B28EEDF38001A9E9B /* Main.storyboard in Resources */,
			);
			runOnlyForDeploymentPostprocessing = 0;
		};
		590B8A6728EEDF39001A9E9B /* Resources */ = {
			isa = PBXResourcesBuildPhase;
			buildActionMask = 2147483647;
			files = (
			);
			runOnlyForDeploymentPostprocessing = 0;
		};
		590B8A7128EEDF39001A9E9B /* Resources */ = {
			isa = PBXResourcesBuildPhase;
			buildActionMask = 2147483647;
			files = (
			);
			runOnlyForDeploymentPostprocessing = 0;
		};
/* End PBXResourcesBuildPhase section */

/* Begin PBXSourcesBuildPhase section */
		590B8A4C28EEDF38001A9E9B /* Sources */ = {
			isa = PBXSourcesBuildPhase;
			buildActionMask = 2147483647;
			files = (
				59CEC2FB28F028BF00CF4864 /* TableViewCell.swift in Sources */,
				590B8A5828EEDF38001A9E9B /* ViewController.swift in Sources */,
				590B8A5E28EEDF38001A9E9B /* TableCase2.xcdatamodeld in Sources */,
				590B8A5428EEDF38001A9E9B /* AppDelegate.swift in Sources */,
				590B8A5628EEDF38001A9E9B /* SceneDelegate.swift in Sources */,
			);
			runOnlyForDeploymentPostprocessing = 0;
		};
		590B8A6528EEDF39001A9E9B /* Sources */ = {
			isa = PBXSourcesBuildPhase;
			buildActionMask = 2147483647;
			files = (
				590B8A6E28EEDF39001A9E9B /* TableCase2Tests.swift in Sources */,
			);
			runOnlyForDeploymentPostprocessing = 0;
		};
		590B8A6F28EEDF39001A9E9B /* Sources */ = {
			isa = PBXSourcesBuildPhase;
			buildActionMask = 2147483647;
			files = (
				590B8A7A28EEDF39001A9E9B /* TableCase2UITestsLaunchTests.swift in Sources */,
				590B8A7828EEDF39001A9E9B /* TableCase2UITests.swift in Sources */,
			);
			runOnlyForDeploymentPostprocessing = 0;
		};
/* End PBXSourcesBuildPhase section */

/* Begin PBXTargetDependency section */
		590B8A6B28EEDF39001A9E9B /* PBXTargetDependency */ = {
			isa = PBXTargetDependency;
			target = 590B8A4F28EEDF38001A9E9B /* TableCase2 */;
			targetProxy = 590B8A6A28EEDF39001A9E9B /* PBXContainerItemProxy */;
		};
		590B8A7528EEDF39001A9E9B /* PBXTargetDependency */ = {
			isa = PBXTargetDependency;
			target = 590B8A4F28EEDF38001A9E9B /* TableCase2 */;
			targetProxy = 590B8A7428EEDF39001A9E9B /* PBXContainerItemProxy */;
		};
/* End PBXTargetDependency section */

/* Begin PBXVariantGroup section */
		590B8A5928EEDF38001A9E9B /* Main.storyboard */ = {
			isa = PBXVariantGroup;
			children = (
				590B8A5A28EEDF38001A9E9B /* Base */,
			);
			name = Main.storyboard;
			sourceTree = "<group>";
		};
		590B8A6128EEDF39001A9E9B /* LaunchScreen.storyboard */ = {
			isa = PBXVariantGroup;
			children = (
				590B8A6228EEDF39001A9E9B /* Base */,
			);
			name = LaunchScreen.storyboard;
			sourceTree = "<group>";
		};
/* End PBXVariantGroup section */

/* Begin XCBuildConfiguration section */
		590B8A7B28EEDF39001A9E9B /* Debug */ = {
			isa = XCBuildConfiguration;
			buildSettings = {
				ALWAYS_SEARCH_USER_PATHS = NO;
				CLANG_ANALYZER_NONNULL = YES;
				CLANG_ANALYZER_NUMBER_OBJECT_CONVERSION = YES_AGGRESSIVE;
				CLANG_CXX_LANGUAGE_STANDARD = "gnu++20";
				CLANG_ENABLE_MODULES = YES;
				CLANG_ENABLE_OBJC_ARC = YES;
				CLANG_ENABLE_OBJC_WEAK = YES;
				CLANG_WARN_BLOCK_CAPTURE_AUTORELEASING = YES;
				CLANG_WARN_BOOL_CONVERSION = YES;
				CLANG_WARN_COMMA = YES;
				CLANG_WARN_CONSTANT_CONVERSION = YES;
				CLANG_WARN_DEPRECATED_OBJC_IMPLEMENTATIONS = YES;
				CLANG_WARN_DIRECT_OBJC_ISA_USAGE = YES_ERROR;
				CLANG_WARN_DOCUMENTATION_COMMENTS = YES;
				CLANG_WARN_EMPTY_BODY = YES;
				CLANG_WARN_ENUM_CONVERSION = YES;
				CLANG_WARN_INFINITE_RECURSION = YES;
				CLANG_WARN_INT_CONVERSION = YES;
				CLANG_WARN_NON_LITERAL_NULL_CONVERSION = YES;
				CLANG_WARN_OBJC_IMPLICIT_RETAIN_SELF = YES;
				CLANG_WARN_OBJC_LITERAL_CONVERSION = YES;
				CLANG_WARN_OBJC_ROOT_CLASS = YES_ERROR;
				CLANG_WARN_QUOTED_INCLUDE_IN_FRAMEWORK_HEADER = YES;
				CLANG_WARN_RANGE_LOOP_ANALYSIS = YES;
				CLANG_WARN_STRICT_PROTOTYPES = YES;
				CLANG_WARN_SUSPICIOUS_MOVE = YES;
				CLANG_WARN_UNGUARDED_AVAILABILITY = YES_AGGRESSIVE;
				CLANG_WARN_UNREACHABLE_CODE = YES;
				CLANG_WARN__DUPLICATE_METHOD_MATCH = YES;
				COPY_PHASE_STRIP = NO;
				DEBUG_INFORMATION_FORMAT = dwarf;
				ENABLE_STRICT_OBJC_MSGSEND = YES;
				ENABLE_TESTABILITY = YES;
				GCC_C_LANGUAGE_STANDARD = gnu11;
				GCC_DYNAMIC_NO_PIC = NO;
				GCC_NO_COMMON_BLOCKS = YES;
				GCC_OPTIMIZATION_LEVEL = 0;
				GCC_PREPROCESSOR_DEFINITIONS = (
					"DEBUG=1",
					"$(inherited)",
				);
				GCC_WARN_64_TO_32_BIT_CONVERSION = YES;
				GCC_WARN_ABOUT_RETURN_TYPE = YES_ERROR;
				GCC_WARN_UNDECLARED_SELECTOR = YES;
				GCC_WARN_UNINITIALIZED_AUTOS = YES_AGGRESSIVE;
				GCC_WARN_UNUSED_FUNCTION = YES;
				GCC_WARN_UNUSED_VARIABLE = YES;
				IPHONEOS_DEPLOYMENT_TARGET = 16.0;
				MTL_ENABLE_DEBUG_INFO = INCLUDE_SOURCE;
				MTL_FAST_MATH = YES;
				ONLY_ACTIVE_ARCH = YES;
				SDKROOT = iphoneos;
				SWIFT_ACTIVE_COMPILATION_CONDITIONS = DEBUG;
				SWIFT_OPTIMIZATION_LEVEL = "-Onone";
			};
			name = Debug;
		};
		590B8A7C28EEDF39001A9E9B /* Release */ = {
			isa = XCBuildConfiguration;
			buildSettings = {
				ALWAYS_SEARCH_USER_PATHS = NO;
				CLANG_ANALYZER_NONNULL = YES;
				CLANG_ANALYZER_NUMBER_OBJECT_CONVERSION = YES_AGGRESSIVE;
				CLANG_CXX_LANGUAGE_STANDARD = "gnu++20";
				CLANG_ENABLE_MODULES = YES;
				CLANG_ENABLE_OBJC_ARC = YES;
				CLANG_ENABLE_OBJC_WEAK = YES;
				CLANG_WARN_BLOCK_CAPTURE_AUTORELEASING = YES;
				CLANG_WARN_BOOL_CONVERSION = YES;
				CLANG_WARN_COMMA = YES;
				CLANG_WARN_CONSTANT_CONVERSION = YES;
				CLANG_WARN_DEPRECATED_OBJC_IMPLEMENTATIONS = YES;
				CLANG_WARN_DIRECT_OBJC_ISA_USAGE = YES_ERROR;
				CLANG_WARN_DOCUMENTATION_COMMENTS = YES;
				CLANG_WARN_EMPTY_BODY = YES;
				CLANG_WARN_ENUM_CONVERSION = YES;
				CLANG_WARN_INFINITE_RECURSION = YES;
				CLANG_WARN_INT_CONVERSION = YES;
				CLANG_WARN_NON_LITERAL_NULL_CONVERSION = YES;
				CLANG_WARN_OBJC_IMPLICIT_RETAIN_SELF = YES;
				CLANG_WARN_OBJC_LITERAL_CONVERSION = YES;
				CLANG_WARN_OBJC_ROOT_CLASS = YES_ERROR;
				CLANG_WARN_QUOTED_INCLUDE_IN_FRAMEWORK_HEADER = YES;
				CLANG_WARN_RANGE_LOOP_ANALYSIS = YES;
				CLANG_WARN_STRICT_PROTOTYPES = YES;
				CLANG_WARN_SUSPICIOUS_MOVE = YES;
				CLANG_WARN_UNGUARDED_AVAILABILITY = YES_AGGRESSIVE;
				CLANG_WARN_UNREACHABLE_CODE = YES;
				CLANG_WARN__DUPLICATE_METHOD_MATCH = YES;
				COPY_PHASE_STRIP = NO;
				DEBUG_INFORMATION_FORMAT = "dwarf-with-dsym";
				ENABLE_NS_ASSERTIONS = NO;
				ENABLE_STRICT_OBJC_MSGSEND = YES;
				GCC_C_LANGUAGE_STANDARD = gnu11;
				GCC_NO_COMMON_BLOCKS = YES;
				GCC_WARN_64_TO_32_BIT_CONVERSION = YES;
				GCC_WARN_ABOUT_RETURN_TYPE = YES_ERROR;
				GCC_WARN_UNDECLARED_SELECTOR = YES;
				GCC_WARN_UNINITIALIZED_AUTOS = YES_AGGRESSIVE;
				GCC_WARN_UNUSED_FUNCTION = YES;
				GCC_WARN_UNUSED_VARIABLE = YES;
				IPHONEOS_DEPLOYMENT_TARGET = 16.0;
				MTL_ENABLE_DEBUG_INFO = NO;
				MTL_FAST_MATH = YES;
				SDKROOT = iphoneos;
				SWIFT_COMPILATION_MODE = wholemodule;
				SWIFT_OPTIMIZATION_LEVEL = "-O";
				VALIDATE_PRODUCT = YES;
			};
			name = Release;
		};
		590B8A7E28EEDF39001A9E9B /* Debug */ = {
			isa = XCBuildConfiguration;
			buildSettings = {
				ASSETCATALOG_COMPILER_APPICON_NAME = AppIcon;
				ASSETCATALOG_COMPILER_GLOBAL_ACCENT_COLOR_NAME = AccentColor;
				CODE_SIGN_STYLE = Automatic;
				CURRENT_PROJECT_VERSION = 1;
				DEVELOPMENT_TEAM = X73WTK25N3;
				GENERATE_INFOPLIST_FILE = YES;
				INFOPLIST_FILE = TableCase2/Info.plist;
				INFOPLIST_KEY_UIApplicationSupportsIndirectInputEvents = YES;
				INFOPLIST_KEY_UILaunchStoryboardName = LaunchScreen;
				INFOPLIST_KEY_UIMainStoryboardFile = Main;
				INFOPLIST_KEY_UISupportedInterfaceOrientations_iPad = "UIInterfaceOrientationPortrait UIInterfaceOrientationPortraitUpsideDown UIInterfaceOrientationLandscapeLeft UIInterfaceOrientationLandscapeRight";
				INFOPLIST_KEY_UISupportedInterfaceOrientations_iPhone = "UIInterfaceOrientationPortrait UIInterfaceOrientationLandscapeLeft UIInterfaceOrientationLandscapeRight";
				IPHONEOS_DEPLOYMENT_TARGET = 15.0;
				LD_RUNPATH_SEARCH_PATHS = (
					"$(inherited)",
					"@executable_path/Frameworks",
				);
				MARKETING_VERSION = 1.0;
				PRODUCT_BUNDLE_IDENTIFIER = com.TableCase234;
				PRODUCT_NAME = "$(TARGET_NAME)";
				SWIFT_EMIT_LOC_STRINGS = YES;
				SWIFT_VERSION = 5.0;
				TARGETED_DEVICE_FAMILY = "1,2";
			};
			name = Debug;
		};
		590B8A7F28EEDF39001A9E9B /* Release */ = {
			isa = XCBuildConfiguration;
			buildSettings = {
				ASSETCATALOG_COMPILER_APPICON_NAME = AppIcon;
				ASSETCATALOG_COMPILER_GLOBAL_ACCENT_COLOR_NAME = AccentColor;
				CODE_SIGN_STYLE = Automatic;
				CURRENT_PROJECT_VERSION = 1;
				DEVELOPMENT_TEAM = X73WTK25N3;
				GENERATE_INFOPLIST_FILE = YES;
				INFOPLIST_FILE = TableCase2/Info.plist;
				INFOPLIST_KEY_UIApplicationSupportsIndirectInputEvents = YES;
				INFOPLIST_KEY_UILaunchStoryboardName = LaunchScreen;
				INFOPLIST_KEY_UIMainStoryboardFile = Main;
				INFOPLIST_KEY_UISupportedInterfaceOrientations_iPad = "UIInterfaceOrientationPortrait UIInterfaceOrientationPortraitUpsideDown UIInterfaceOrientationLandscapeLeft UIInterfaceOrientationLandscapeRight";
				INFOPLIST_KEY_UISupportedInterfaceOrientations_iPhone = "UIInterfaceOrientationPortrait UIInterfaceOrientationLandscapeLeft UIInterfaceOrientationLandscapeRight";
				IPHONEOS_DEPLOYMENT_TARGET = 15.0;
				LD_RUNPATH_SEARCH_PATHS = (
					"$(inherited)",
					"@executable_path/Frameworks",
				);
				MARKETING_VERSION = 1.0;
				PRODUCT_BUNDLE_IDENTIFIER = com.TableCase234;
				PRODUCT_NAME = "$(TARGET_NAME)";
				SWIFT_EMIT_LOC_STRINGS = YES;
				SWIFT_VERSION = 5.0;
				TARGETED_DEVICE_FAMILY = "1,2";
			};
			name = Release;
		};
		590B8A8128EEDF39001A9E9B /* Debug */ = {
			isa = XCBuildConfiguration;
			buildSettings = {
				ALWAYS_EMBED_SWIFT_STANDARD_LIBRARIES = YES;
				BUNDLE_LOADER = "$(TEST_HOST)";
				CODE_SIGN_STYLE = Automatic;
				CURRENT_PROJECT_VERSION = 1;
				DEVELOPMENT_TEAM = X73WTK25N3;
				GENERATE_INFOPLIST_FILE = YES;
				IPHONEOS_DEPLOYMENT_TARGET = 16.0;
				MARKETING_VERSION = 1.0;
				PRODUCT_BUNDLE_IDENTIFIER = com.TableCase2Tests;
				PRODUCT_NAME = "$(TARGET_NAME)";
				SWIFT_EMIT_LOC_STRINGS = NO;
				SWIFT_VERSION = 5.0;
				TARGETED_DEVICE_FAMILY = "1,2";
				TEST_HOST = "$(BUILT_PRODUCTS_DIR)/TableCase2.app/$(BUNDLE_EXECUTABLE_FOLDER_PATH)/TableCase2";
			};
			name = Debug;
		};
		590B8A8228EEDF39001A9E9B /* Release */ = {
			isa = XCBuildConfiguration;
			buildSettings = {
				ALWAYS_EMBED_SWIFT_STANDARD_LIBRARIES = YES;
				BUNDLE_LOADER = "$(TEST_HOST)";
				CODE_SIGN_STYLE = Automatic;
				CURRENT_PROJECT_VERSION = 1;
				DEVELOPMENT_TEAM = X73WTK25N3;
				GENERATE_INFOPLIST_FILE = YES;
				IPHONEOS_DEPLOYMENT_TARGET = 16.0;
				MARKETING_VERSION = 1.0;
				PRODUCT_BUNDLE_IDENTIFIER = com.TableCase2Tests;
				PRODUCT_NAME = "$(TARGET_NAME)";
				SWIFT_EMIT_LOC_STRINGS = NO;
				SWIFT_VERSION = 5.0;
				TARGETED_DEVICE_FAMILY = "1,2";
				TEST_HOST = "$(BUILT_PRODUCTS_DIR)/TableCase2.app/$(BUNDLE_EXECUTABLE_FOLDER_PATH)/TableCase2";
			};
			name = Release;
		};
		590B8A8428EEDF39001A9E9B /* Debug */ = {
			isa = XCBuildConfiguration;
			buildSettings = {
				ALWAYS_EMBED_SWIFT_STANDARD_LIBRARIES = YES;
				CODE_SIGN_STYLE = Automatic;
				CURRENT_PROJECT_VERSION = 1;
				DEVELOPMENT_TEAM = X73WTK25N3;
				GENERATE_INFOPLIST_FILE = YES;
				MARKETING_VERSION = 1.0;
				PRODUCT_BUNDLE_IDENTIFIER = com.TableCase2UITests;
				PRODUCT_NAME = "$(TARGET_NAME)";
				SWIFT_EMIT_LOC_STRINGS = NO;
				SWIFT_VERSION = 5.0;
				TARGETED_DEVICE_FAMILY = "1,2";
				TEST_TARGET_NAME = TableCase2;
			};
			name = Debug;
		};
		590B8A8528EEDF39001A9E9B /* Release */ = {
			isa = XCBuildConfiguration;
			buildSettings = {
				ALWAYS_EMBED_SWIFT_STANDARD_LIBRARIES = YES;
				CODE_SIGN_STYLE = Automatic;
				CURRENT_PROJECT_VERSION = 1;
				DEVELOPMENT_TEAM = X73WTK25N3;
				GENERATE_INFOPLIST_FILE = YES;
				MARKETING_VERSION = 1.0;
				PRODUCT_BUNDLE_IDENTIFIER = com.TableCase2UITests;
				PRODUCT_NAME = "$(TARGET_NAME)";
				SWIFT_EMIT_LOC_STRINGS = NO;
				SWIFT_VERSION = 5.0;
				TARGETED_DEVICE_FAMILY = "1,2";
				TEST_TARGET_NAME = TableCase2;
			};
			name = Release;
		};
/* End XCBuildConfiguration section */

/* Begin XCConfigurationList section */
		590B8A4B28EEDF38001A9E9B /* Build configuration list for PBXProject "TableCase2" */ = {
			isa = XCConfigurationList;
			buildConfigurations = (
				590B8A7B28EEDF39001A9E9B /* Debug */,
				590B8A7C28EEDF39001A9E9B /* Release */,
			);
			defaultConfigurationIsVisible = 0;
			defaultConfigurationName = Release;
		};
		590B8A7D28EEDF39001A9E9B /* Build configuration list for PBXNativeTarget "TableCase2" */ = {
			isa = XCConfigurationList;
			buildConfigurations = (
				590B8A7E28EEDF39001A9E9B /* Debug */,
				590B8A7F28EEDF39001A9E9B /* Release */,
			);
			defaultConfigurationIsVisible = 0;
			defaultConfigurationName = Release;
		};
		590B8A8028EEDF39001A9E9B /* Build configuration list for PBXNativeTarget "TableCase2Tests" */ = {
			isa = XCConfigurationList;
			buildConfigurations = (
				590B8A8128EEDF39001A9E9B /* Debug */,
				590B8A8228EEDF39001A9E9B /* Release */,
			);
			defaultConfigurationIsVisible = 0;
			defaultConfigurationName = Release;
		};
		590B8A8328EEDF39001A9E9B /* Build configuration list for PBXNativeTarget "TableCase2UITests" */ = {
			isa = XCConfigurationList;
			buildConfigurations = (
				590B8A8428EEDF39001A9E9B /* Debug */,
				590B8A8528EEDF39001A9E9B /* Release */,
			);
			defaultConfigurationIsVisible = 0;
			defaultConfigurationName = Release;
		};
/* End XCConfigurationList section */

/* Begin XCVersionGroup section */
		590B8A5C28EEDF38001A9E9B /* TableCase2.xcdatamodeld */ = {
			isa = XCVersionGroup;
			children = (
				590B8A5D28EEDF38001A9E9B /* TableCase2.xcdatamodel */,
			);
			currentVersion = 590B8A5D28EEDF38001A9E9B /* TableCase2.xcdatamodel */;
			path = TableCase2.xcdatamodeld;
			sourceTree = "<group>";
			versionGroupType = wrapper.xcdatamodel;
		};
/* End XCVersionGroup section */
	};
	rootObject = 590B8A4828EEDF38001A9E9B /* Project object */;
}
